
Microsoft Visual Studio Solution File, Format Version 12.00
# Visual Studio Version 17
VisualStudioVersion = 17.1.32421.90
MinimumVisualStudioVersion = 10.0.40219.1
Project("{FAE04EC0-301F-11D3-BF4B-00C04F79EFBC}") = "Trond_Marius-Spill", "Trond_Marius-Spill\Trond_Marius-Spill.csproj", "{EB12CF04-44F2-42E1-A2D7-7B2AC87E4983}"
EndProject
Global
	GlobalSection(SolutionConfigurationPlatforms) = preSolution
		Debug|Any CPU = Debug|Any CPU
		Release|Any CPU = Release|Any CPU
	EndGlobalSection
	GlobalSection(ProjectConfigurationPlatforms) = postSolution
		{EB12CF04-44F2-42E1-A2D7-7B2AC87E4983}.Debug|Any CPU.ActiveCfg = Debug|Any CPU
		{EB12CF04-44F2-42E1-A2D7-7B2AC87E4983}.Debug|Any CPU.Build.0 = Debug|Any CPU
		{EB12CF04-44F2-42E1-A2D7-7B2AC87E4983}.Release|Any CPU.ActiveCfg = Release|Any CPU
		{EB12CF04-44F2-42E1-A2D7-7B2AC87E4983}.Release|Any CPU.Build.0 = Release|Any CPU
	EndGlobalSection
	GlobalSection(SolutionProperties) = preSolution
		HideSolutionNode = FALSE
	EndGlobalSection
	GlobalSection(ExtensibilityGlobals) = postSolution
		SolutionGuid = {A1A43C94-F0C8-4406-89D2-4EDE72F92717}
	EndGlobalSection
EndGlobal
